Microsoft Visual Studio Solution File, Format Version 12.00
# Visual Studio Version 17
VisualStudioVersion = 17.5.2.0
MinimumVisualStudioVersion = 10.0.40219.1
Project("{FAE04EC0-301F-11D3-BF4B-00C04F79EFBC}") = "zentraglobal.com", "zentraglobal.com.csproj", "{D9F8278D-449B-C8D0-EAC0-CCA78F671886}"
EndProject
Global
	GlobalSection(SolutionConfigurationPlatforms) = preSolution
		Debug|Any CPU = Debug|Any CPU
		Release|Any CPU = Release|Any CPU
	EndGlobalSection
	GlobalSection(ProjectConfigurationPlatforms) = postSolution
		{D9F8278D-449B-C8D0-EAC0-CCA78F671886}.Debug|Any CPU.ActiveCfg = Debug|Any CPU
		{D9F8278D-449B-C8D0-EAC0-CCA78F671886}.Debug|Any CPU.Build.0 = Debug|Any CPU
		{D9F8278D-449B-C8D0-EAC0-CCA78F671886}.Release|Any CPU.ActiveCfg = Release|Any CPU
		{D9F8278D-449B-C8D0-EAC0-CCA78F671886}.Release|Any CPU.Build.0 = Release|Any CPU
	EndGlobalSection
	GlobalSection(SolutionProperties) = preSolution
		HideSolutionNode = FALSE
	EndGlobalSection
	GlobalSection(ExtensibilityGlobals) = postSolution
		SolutionGuid = {D1B1D72A-E782-4B9A-B98A-E34EC7E122A1}
	EndGlobalSection
EndGlobal
